
Microsoft Visual Studio Solution File, Format Version 12.00
# Visual Studio Version 17
VisualStudioVersion = 17.1.32210.238
MinimumVisualStudioVersion = 10.0.40219.1
Project("{FAE04EC0-301F-11D3-BF4B-00C04F79EFBC}") = "Quiz", "ConsoleApp1\Quiz.csproj", "{FA3E408B-44FB-4F70-83F2-B1EC46787A82}"
EndProject
Global
	GlobalSection(SolutionConfigurationPlatforms) = preSolution
		Debug|Any CPU = Debug|Any CPU
		Release|Any CPU = Release|Any CPU
	EndGlobalSection
	GlobalSection(ProjectConfigurationPlatforms) = postSolution
		{FA3E408B-44FB-4F70-83F2-B1EC46787A82}.Debug|Any CPU.ActiveCfg = Debug|Any CPU
		{FA3E408B-44FB-4F70-83F2-B1EC46787A82}.Debug|Any CPU.Build.0 = Debug|Any CPU
		{FA3E408B-44FB-4F70-83F2-B1EC46787A82}.Release|Any CPU.ActiveCfg = Release|Any CPU
		{FA3E408B-44FB-4F70-83F2-B1EC46787A82}.Release|Any CPU.Build.0 = Release|Any CPU
	EndGlobalSection
	GlobalSection(SolutionProperties) = preSolution
		HideSolutionNode = FALSE
	EndGlobalSection
	GlobalSection(ExtensibilityGlobals) = postSolution
		SolutionGuid = {161B317E-60F3-4EE9-A930-EA2493CC47C6}
	EndGlobalSection
EndGlobal
