
Microsoft Visual Studio Solution File, Format Version 12.00
# Visual Studio Version 17
VisualStudioVersion = 17.1.32210.238
MinimumVisualStudioVersion = 10.0.40219.1
Project("{FAE04EC0-301F-11D3-BF4B-00C04F79EFBC}") = "task3", "task3\task3.csproj", "{54DF5ADE-7EFD-4BC5-A762-6BB253D65DDD}"
EndProject
Global
	GlobalSection(SolutionConfigurationPlatforms) = preSolution
		Debug|Any CPU = Debug|Any CPU
		Release|Any CPU = Release|Any CPU
	EndGlobalSection
	GlobalSection(ProjectConfigurationPlatforms) = postSolution
		{54DF5ADE-7EFD-4BC5-A762-6BB253D65DDD}.Debug|Any CPU.ActiveCfg = Debug|Any CPU
		{54DF5ADE-7EFD-4BC5-A762-6BB253D65DDD}.Debug|Any CPU.Build.0 = Debug|Any CPU
		{54DF5ADE-7EFD-4BC5-A762-6BB253D65DDD}.Release|Any CPU.ActiveCfg = Release|Any CPU
		{54DF5ADE-7EFD-4BC5-A762-6BB253D65DDD}.Release|Any CPU.Build.0 = Release|Any CPU
	EndGlobalSection
	GlobalSection(SolutionProperties) = preSolution
		HideSolutionNode = FALSE
	EndGlobalSection
	GlobalSection(ExtensibilityGlobals) = postSolution
		SolutionGuid = {95672461-9703-41F7-9FF1-6218E4906B8C}
	EndGlobalSection
EndGlobal
